
Microsoft Visual Studio Solution File, Format Version 12.00
# Visual Studio Version 17
VisualStudioVersion = 17.3.32901.215
MinimumVisualStudioVersion = 10.0.40219.1
Project("{FAE04EC0-301F-11D3-BF4B-00C04F79EFBC}") = "Lesson6Application1", "Lesson6Application1\Lesson6Application1.csproj", "{CE97F9C4-5EE0-4179-A5A1-FD96E767F186}"
EndProject
Global
	GlobalSection(SolutionConfigurationPlatforms) = preSolution
		Debug|Any CPU = Debug|Any CPU
		Release|Any CPU = Release|Any CPU
	EndGlobalSection
	GlobalSection(ProjectConfigurationPlatforms) = postSolution
		{CE97F9C4-5EE0-4179-A5A1-FD96E767F186}.Debug|Any CPU.ActiveCfg = Debug|Any CPU
		{CE97F9C4-5EE0-4179-A5A1-FD96E767F186}.Debug|Any CPU.Build.0 = Debug|Any CPU
		{CE97F9C4-5EE0-4179-A5A1-FD96E767F186}.Release|Any CPU.ActiveCfg = Release|Any CPU
		{CE97F9C4-5EE0-4179-A5A1-FD96E767F186}.Release|Any CPU.Build.0 = Release|Any CPU
	EndGlobalSection
	GlobalSection(SolutionProperties) = preSolution
		HideSolutionNode = FALSE
	EndGlobalSection
	GlobalSection(ExtensibilityGlobals) = postSolution
		SolutionGuid = {6399DCFE-AC74-4744-ABA5-4D03F1D53B7C}
	EndGlobalSection
EndGlobal
