
Microsoft Visual Studio Solution File, Format Version 12.00
# Visual Studio Version 17
VisualStudioVersion = 17.3.32901.215
MinimumVisualStudioVersion = 10.0.40219.1
Project("{FAE04EC0-301F-11D3-BF4B-00C04F79EFBC}") = "Lesson7Application1", "Lesson7Application1\Lesson7Application1.csproj", "{E4707610-5D3A-45D3-BC15-655B949A76A7}"
EndProject
Global
	GlobalSection(SolutionConfigurationPlatforms) = preSolution
		Debug|Any CPU = Debug|Any CPU
		Release|Any CPU = Release|Any CPU
	EndGlobalSection
	GlobalSection(ProjectConfigurationPlatforms) = postSolution
		{E4707610-5D3A-45D3-BC15-655B949A76A7}.Debug|Any CPU.ActiveCfg = Debug|Any CPU
		{E4707610-5D3A-45D3-BC15-655B949A76A7}.Debug|Any CPU.Build.0 = Debug|Any CPU
		{E4707610-5D3A-45D3-BC15-655B949A76A7}.Release|Any CPU.ActiveCfg = Release|Any CPU
		{E4707610-5D3A-45D3-BC15-655B949A76A7}.Release|Any CPU.Build.0 = Release|Any CPU
	EndGlobalSection
	GlobalSection(SolutionProperties) = preSolution
		HideSolutionNode = FALSE
	EndGlobalSection
	GlobalSection(ExtensibilityGlobals) = postSolution
		SolutionGuid = {4A146D74-08B7-4203-B6B2-57C979EA48EB}
	EndGlobalSection
EndGlobal
