
Microsoft Visual Studio Solution File, Format Version 12.00
# Visual Studio Version 17
VisualStudioVersion = 17.3.32901.215
MinimumVisualStudioVersion = 10.0.40219.1
Project("{FAE04EC0-301F-11D3-BF4B-00C04F79EFBC}") = "Lesson4Application1", "Lesson4Application1\Lesson4Application1.csproj", "{04B8F0AC-4BB0-42EC-9B96-7489DF3BF1C2}"
EndProject
Global
	GlobalSection(SolutionConfigurationPlatforms) = preSolution
		Debug|Any CPU = Debug|Any CPU
		Release|Any CPU = Release|Any CPU
	EndGlobalSection
	GlobalSection(ProjectConfigurationPlatforms) = postSolution
		{04B8F0AC-4BB0-42EC-9B96-7489DF3BF1C2}.Debug|Any CPU.ActiveCfg = Debug|Any CPU
		{04B8F0AC-4BB0-42EC-9B96-7489DF3BF1C2}.Debug|Any CPU.Build.0 = Debug|Any CPU
		{04B8F0AC-4BB0-42EC-9B96-7489DF3BF1C2}.Release|Any CPU.ActiveCfg = Release|Any CPU
		{04B8F0AC-4BB0-42EC-9B96-7489DF3BF1C2}.Release|Any CPU.Build.0 = Release|Any CPU
	EndGlobalSection
	GlobalSection(SolutionProperties) = preSolution
		HideSolutionNode = FALSE
	EndGlobalSection
	GlobalSection(ExtensibilityGlobals) = postSolution
		SolutionGuid = {9B7134FA-ABA8-4520-8751-EAD9799FF000}
	EndGlobalSection
EndGlobal
